
Microsoft Visual Studio Solution File, Format Version 12.00
# Visual Studio Version 16
VisualStudioVersion = 16.0.29409.12
MinimumVisualStudioVersion = 10.0.40219.1
Project("{8BC9CEB8-8B4A-11D0-8D11-00A0C91BC942}") = "LP_Lab13", "LP_Lab13.vcxproj", "{E2959B30-180A-4C3C-A48D-C682C26C8BF7}"
EndProject
Global
	GlobalSection(SolutionConfigurationPlatforms) = preSolution
		Debug|x64 = Debug|x64
		Debug|x86 = Debug|x86
		Release|x64 = Release|x64
		Release|x86 = Release|x86
	EndGlobalSection
	GlobalSection(ProjectConfigurationPlatforms) = postSolution
		{E2959B30-180A-4C3C-A48D-C682C26C8BF7}.Debug|x64.ActiveCfg = Debug|x64
		{E2959B30-180A-4C3C-A48D-C682C26C8BF7}.Debug|x64.Build.0 = Debug|x64
		{E2959B30-180A-4C3C-A48D-C682C26C8BF7}.Debug|x86.ActiveCfg = Debug|Win32
		{E2959B30-180A-4C3C-A48D-C682C26C8BF7}.Debug|x86.Build.0 = Debug|Win32
		{E2959B30-180A-4C3C-A48D-C682C26C8BF7}.Release|x64.ActiveCfg = Release|x64
		{E2959B30-180A-4C3C-A48D-C682C26C8BF7}.Release|x64.Build.0 = Release|x64
		{E2959B30-180A-4C3C-A48D-C682C26C8BF7}.Release|x86.ActiveCfg = Release|Win32
		{E2959B30-180A-4C3C-A48D-C682C26C8BF7}.Release|x86.Build.0 = Release|Win32
	EndGlobalSection
	GlobalSection(SolutionProperties) = preSolution
		HideSolutionNode = FALSE
	EndGlobalSection
	GlobalSection(ExtensibilityGlobals) = postSolution
		SolutionGuid = {D22D7C3D-C877-4083-9FB0-73C7E0913CF8}
	EndGlobalSection
EndGlobal
